
Microsoft Visual Studio Solution File, Format Version 12.00
# Visual Studio Version 16
VisualStudioVersion = 16.0.30804.86
MinimumVisualStudioVersion = 10.0.40219.1
Project("{FAE04EC0-301F-11D3-BF4B-00C04F79EFBC}") = "24HourProject.WebAPI", "24HourProject.WebAPI\24HourProject.WebAPI.csproj", "{3F086F04-023E-40D7-A9CA-3986B51ED1C0}"
EndProject
Project("{FAE04EC0-301F-11D3-BF4B-00C04F79EFBC}") = "24HourProject.Data", "24HourProject.Data\24HourProject.Data.csproj", "{EDCBF72A-8D38-4B3E-A2A4-777F91D7851C}"
EndProject
Project("{FAE04EC0-301F-11D3-BF4B-00C04F79EFBC}") = "24HourProject.Models", "24HourProject.Models\24HourProject.Models.csproj", "{7EFF90D6-96FB-44F2-9691-FD7ED961CAD4}"
EndProject
Project("{FAE04EC0-301F-11D3-BF4B-00C04F79EFBC}") = "24HourProject.Services", "24HourProject.Services\24HourProject.Services.csproj", "{945793E4-6E65-445E-A923-542AF01FD35E}"
EndProject
Global
	GlobalSection(SolutionConfigurationPlatforms) = preSolution
		Debug|Any CPU = Debug|Any CPU
		Release|Any CPU = Release|Any CPU
	EndGlobalSection
	GlobalSection(ProjectConfigurationPlatforms) = postSolution
		{3F086F04-023E-40D7-A9CA-3986B51ED1C0}.Debug|Any CPU.ActiveCfg = Debug|Any CPU
		{3F086F04-023E-40D7-A9CA-3986B51ED1C0}.Debug|Any CPU.Build.0 = Debug|Any CPU
		{3F086F04-023E-40D7-A9CA-3986B51ED1C0}.Release|Any CPU.ActiveCfg = Release|Any CPU
		{3F086F04-023E-40D7-A9CA-3986B51ED1C0}.Release|Any CPU.Build.0 = Release|Any CPU
		{EDCBF72A-8D38-4B3E-A2A4-777F91D7851C}.Debug|Any CPU.ActiveCfg = Debug|Any CPU
		{EDCBF72A-8D38-4B3E-A2A4-777F91D7851C}.Debug|Any CPU.Build.0 = Debug|Any CPU
		{EDCBF72A-8D38-4B3E-A2A4-777F91D7851C}.Release|Any CPU.ActiveCfg = Release|Any CPU
		{EDCBF72A-8D38-4B3E-A2A4-777F91D7851C}.Release|Any CPU.Build.0 = Release|Any CPU
		{7EFF90D6-96FB-44F2-9691-FD7ED961CAD4}.Debug|Any CPU.ActiveCfg = Debug|Any CPU
		{7EFF90D6-96FB-44F2-9691-FD7ED961CAD4}.Debug|Any CPU.Build.0 = Debug|Any CPU
		{7EFF90D6-96FB-44F2-9691-FD7ED961CAD4}.Release|Any CPU.ActiveCfg = Release|Any CPU
		{7EFF90D6-96FB-44F2-9691-FD7ED961CAD4}.Release|Any CPU.Build.0 = Release|Any CPU
		{945793E4-6E65-445E-A923-542AF01FD35E}.Debug|Any CPU.ActiveCfg = Debug|Any CPU
		{945793E4-6E65-445E-A923-542AF01FD35E}.Debug|Any CPU.Build.0 = Debug|Any CPU
		{945793E4-6E65-445E-A923-542AF01FD35E}.Release|Any CPU.ActiveCfg = Release|Any CPU
		{945793E4-6E65-445E-A923-542AF01FD35E}.Release|Any CPU.Build.0 = Release|Any CPU
	EndGlobalSection
	GlobalSection(SolutionProperties) = preSolution
		HideSolutionNode = FALSE
	EndGlobalSection
	GlobalSection(ExtensibilityGlobals) = postSolution
		SolutionGuid = {90897BD0-711D-4129-8E9E-C53EF17569D5}
	EndGlobalSection
EndGlobal
